{
  "name": "ffmpegger",
  "version": "1.0.0",
  "lockfileVersion": 3,
  "requires": true,
  "packages": {
    "": {
      "name": "ffmpegger",
      "version": "1.0.0",
      "license": "GPL-2.0-or-later",
      "dependencies": {
        "@ffmpeg/core": "^0.12.10",
        "@ffmpeg/ffmpeg": "^0.12.15",
        "@ffmpeg/util": "^0.12.2",
        "jszip": "^3.10.1"
      }
    },
    "node_modules/@ffmpeg/core": {
      "version": "0.12.10",
      "license": "GPL-2.0-or-later",
      "engines": {
        "node": ">=16.x"
      }
    },
    "node_modules/@ffmpeg/ffmpeg": {
      "version": "0.12.15",
      "license": "MIT",
      "dependencies": {
        "@ffmpeg/types": "^0.12.4"
      },
      "engines": {
        "node": ">=18.x"
      }
    },
    "node_modules/@ffmpeg/types": {
      "version": "0.12.4",
      "license": "MIT",
      "engines": {
        "node": ">=16.x"
      }
    },
    "node_modules/@ffmpeg/util": {
      "version": "0.12.2",
      "license": "MIT",
      "engines": {
        "node": ">=18.x"
      }
    },
    "node_modules/core-util-is": {
      "version": "1.0.3",
      "license": "MIT"
    },
    "node_modules/immediate": {
      "version": "3.0.6",
      "license": "MIT"
    },
    "node_modules/inherits": {
      "version": "2.0.4",
      "license": "ISC"
    },
    "node_modules/isarray": {
      "version": "1.0.0",
      "license": "MIT"
    },
    "node_modules/jszip": {
      "version": "3.10.1",
      "license": "(MIT OR GPL-3.0-or-later)",
      "dependencies": {
        "lie": "~3.3.0",
        "pako": "~1.0.2",
        "readable-stream": "~2.3.6",
        "setimmediate": "^1.0.5"
      }
    },
    "node_modules/lie": {
      "version": "3.3.0",
      "license": "MIT",
      "dependencies": {
        "immediate": "~3.0.5"
      }
    },
    "node_modules/pako": {
      "version": "1.0.11",
      "license": "(MIT AND Zlib)"
    },
    "node_modules/process-nextick-args": {
      "version": "2.0.1",
      "license": "MIT"
    },
    "node_modules/readable-stream": {
      "version": "2.3.8",
      "license": "MIT",
      "dependencies": {
        "core-util-is": "~1.0.0",
        "inherits": "~2.0.3",
        "isarray": "~1.0.0",
        "process-nextick-args": "~2.0.0",
        "safe-buffer": "~5.1.1",
        "string_decoder": "~1.1.1",
        "util-deprecate": "~1.0.1"
      }
    },
    "node_modules/safe-buffer": {
      "version": "5.1.2",
      "license": "MIT"
    },
    "node_modules/setimmediate": {
      "version": "1.0.5",
      "license": "MIT"
    },
    "node_modules/string_decoder": {
      "version": "1.1.1",
      "license": "MIT",
      "dependencies": {
        "safe-buffer": "~5.1.0"
      }
    },
    "node_modules/util-deprecate": {
      "version": "1.0.2",
      "license": "MIT"
    }
  }
}
